// !$*UTF8*$!
{
	archiveVersion = 1;
	classes = {
	};
	objectVersion = 46;
	objects = {

/* Begin PBXBuildFile section */
		1546900F1B17B80800E9062A /* main.m in Sources */ = {isa = PBXBuildFile; fileRef = 1546900E1B17B80800E9062A /* main.m */; };
		154690121B17B80800E9062A /* AppDelegate.m in Sources */ = {isa = PBXBuildFile; fileRef = 154690111B17B80800E9062A /* AppDelegate.m */; };
		154690151B17B80800E9062A /* ViewController.mm in Sources */ = {isa = PBXBuildFile; fileRef = 154690141B17B80800E9062A /* ViewController.mm */; };
		154690181B17B80800E9062A /* Main.storyboard in Resources */ = {isa = PBXBuildFile; fileRef = 154690161B17B80800E9062A /* Main.storyboard */; };
		1546901A1B17B80800E9062A /* Images.xcassets in Resources */ = {isa = PBXBuildFile; fileRef = 154690191B17B80800E9062A /* Images.xcassets */; };
		154690291B17B80800E9062A /* ComputerVisionTests.m in Sources */ = {isa = PBXBuildFile; fileRef = 154690281B17B80800E9062A /* ComputerVisionTests.m */; };
		154690361B17B98200E9062A /* Foundation.framework in Frameworks */ = {isa = PBXBuildFile; fileRef = 154690351B17B98200E9062A /* Foundation.framework */; };
		154690381B17B98900E9062A /* UIKit.framework in Frameworks */ = {isa = PBXBuildFile; fileRef = 154690371B17B98900E9062A /* UIKit.framework */; };
		1546903D1B17BBE200E9062A /* CoreGraphics.framework in Frameworks */ = {isa = PBXBuildFile; fileRef = 1546903C1B17BBE200E9062A /* CoreGraphics.framework */; };
		154690621B1CFA7C00E9062A /* Accelerate.framework in Frameworks */ = {isa = PBXBuildFile; fileRef = 1546904A1B17C93400E9062A /* Accelerate.framework */; };
		154690631B1CFA8400E9062A /* AssetsLibrary.framework in Frameworks */ = {isa = PBXBuildFile; fileRef = 1546904E1B17C94C00E9062A /* AssetsLibrary.framework */; };
		154690641B1CFA8B00E9062A /* AVFoundation.framework in Frameworks */ = {isa = PBXBuildFile; fileRef = 1546904C1B17C93E00E9062A /* AVFoundation.framework */; };
		154690651B1CFA9200E9062A /* CoreImage.framework in Frameworks */ = {isa = PBXBuildFile; fileRef = 154690501B17C95E00E9062A /* CoreImage.framework */; };
		154690661B1CFA9D00E9062A /* CoreMedia.framework in Frameworks */ = {isa = PBXBuildFile; fileRef = 154690521B17C96400E9062A /* CoreMedia.framework */; };
		154690671B1CFAA600E9062A /* CoreVideo.framework in Frameworks */ = {isa = PBXBuildFile; fileRef = 154690541B17C96800E9062A /* CoreVideo.framework */; };
		154690681B1CFAAE00E9062A /* QuartzCore.framework in Frameworks */ = {isa = PBXBuildFile; fileRef = 154690561B17C96E00E9062A /* QuartzCore.framework */; };
		1546906F1B1CFAF500E9062A /* target-empty.png in Resources */ = {isa = PBXBuildFile; fileRef = 1546906D1B1CFAF500E9062A /* target-empty.png */; };
		154690701B1CFAF500E9062A /* target-shot.png in Resources */ = {isa = PBXBuildFile; fileRef = 1546906E1B1CFAF500E9062A /* target-shot.png */; };
		154690731B1CFF2800E9062A /* TVBullet.m in Sources */ = {isa = PBXBuildFile; fileRef = 154690721B1CFF2800E9062A /* TVBullet.m */; };
		CBD582DF1B1D195100895878 /* opencv2.framework in Frameworks */ = {isa = PBXBuildFile; fileRef = CBD582DE1B1D195100895878 /* opencv2.framework */; };
/* End PBXBuildFile section */

/* Begin PBXContainerItemProxy section */
		154690231B17B80800E9062A /* PBXContainerItemProxy */ = {
			isa = PBXContainerItemProxy;
			containerPortal = 154690011B17B80800E9062A /* Project object */;
			proxyType = 1;
			remoteGlobalIDString = 154690081B17B80800E9062A;
			remoteInfo = ComputerVision;
		};
/* End PBXContainerItemProxy section */

/* Begin PBXFileReference section */
		154690091B17B80800E9062A /* ComputerVision.app */ = {isa = PBXFileReference; explicitFileType = wrapper.application; includeInIndex = 0; path = ComputerVision.app; sourceTree = BUILT_PRODUCTS_DIR; };
		1546900D1B17B80800E9062A /* Info.plist */ = {isa = PBXFileReference; lastKnownFileType = text.plist.xml; path = Info.plist; sourceTree = "<group>"; };
		1546900E1B17B80800E9062A /* main.m */ = {isa = PBXFileReference; lastKnownFileType = sourcecode.c.objc; path = main.m; sourceTree = "<group>"; };
		154690101B17B80800E9062A /* AppDelegate.h */ = {isa = PBXFileReference; lastKnownFileType = sourcecode.c.h; path = AppDelegate.h; sourceTree = "<group>"; };
		154690111B17B80800E9062A /* AppDelegate.m */ = {isa = PBXFileReference; lastKnownFileType = sourcecode.c.objc; path = AppDelegate.m; sourceTree = "<group>"; };
		154690131B17B80800E9062A /* ViewController.h */ = {isa = PBXFileReference; lastKnownFileType = sourcecode.c.h; path = ViewController.h; sourceTree = "<group>"; };
		154690141B17B80800E9062A /* ViewController.mm */ = {isa = PBXFileReference; lastKnownFileType = sourcecode.cpp.objcpp; path = ViewController.mm; sourceTree = "<group>"; };
		154690171B17B80800E9062A /* Base */ = {isa = PBXFileReference; lastKnownFileType = file.storyboard; name = Base; path = Base.lproj/Main.storyboard; sourceTree = "<group>"; };
		154690191B17B80800E9062A /* Images.xcassets */ = {isa = PBXFileReference; lastKnownFileType = folder.assetcatalog; path = Images.xcassets; sourceTree = "<group>"; };
		154690221B17B80800E9062A /* ComputerVisionTests.xctest */ = {isa = PBXFileReference; explicitFileType = wrapper.cfbundle; includeInIndex = 0; path = ComputerVisionTests.xctest; sourceTree = BUILT_PRODUCTS_DIR; };
		154690271B17B80800E9062A /* Info.plist */ = {isa = PBXFileReference; lastKnownFileType = text.plist.xml; path = Info.plist; sourceTree = "<group>"; };
		154690281B17B80800E9062A /* ComputerVisionTests.m */ = {isa = PBXFileReference; lastKnownFileType = sourcecode.c.objc; path = ComputerVisionTests.m; sourceTree = "<group>"; };
		154690351B17B98200E9062A /* Foundation.framework */ = {isa = PBXFileReference; lastKnownFileType = wrapper.framework; name = Foundation.framework; path = System/Library/Frameworks/Foundation.framework; sourceTree = SDKROOT; };
		154690371B17B98900E9062A /* UIKit.framework */ = {isa = PBXFileReference; lastKnownFileType = wrapper.framework; name = UIKit.framework; path = System/Library/Frameworks/UIKit.framework; sourceTree = SDKROOT; };
		1546903C1B17BBE200E9062A /* CoreGraphics.framework */ = {isa = PBXFileReference; lastKnownFileType = wrapper.framework; name = CoreGraphics.framework; path = System/Library/Frameworks/CoreGraphics.framework; sourceTree = SDKROOT; };
		1546904A1B17C93400E9062A /* Accelerate.framework */ = {isa = PBXFileReference; lastKnownFileType = wrapper.framework; name = Accelerate.framework; path = System/Library/Frameworks/Accelerate.framework; sourceTree = SDKROOT; };
		1546904C1B17C93E00E9062A /* AVFoundation.framework */ = {isa = PBXFileReference; lastKnownFileType = wrapper.framework; name = AVFoundation.framework; path = System/Library/Frameworks/AVFoundation.framework; sourceTree = SDKROOT; };
		1546904E1B17C94C00E9062A /* AssetsLibrary.framework */ = {isa = PBXFileReference; lastKnownFileType = wrapper.framework; name = AssetsLibrary.framework; path = System/Library/Frameworks/AssetsLibrary.framework; sourceTree = SDKROOT; };
		154690501B17C95E00E9062A /* CoreImage.framework */ = {isa = PBXFileReference; lastKnownFileType = wrapper.framework; name = CoreImage.framework; path = System/Library/Frameworks/CoreImage.framework; sourceTree = SDKROOT; };
		154690521B17C96400E9062A /* CoreMedia.framework */ = {isa = PBXFileReference; lastKnownFileType = wrapper.framework; name = CoreMedia.framework; path = System/Library/Frameworks/CoreMedia.framework; sourceTree = SDKROOT; };
		154690541B17C96800E9062A /* CoreVideo.framework */ = {isa = PBXFileReference; lastKnownFileType = wrapper.framework; name = CoreVideo.framework; path = System/Library/Frameworks/CoreVideo.framework; sourceTree = SDKROOT; };
		154690561B17C96E00E9062A /* QuartzCore.framework */ = {isa = PBXFileReference; lastKnownFileType = wrapper.framework; name = QuartzCore.framework; path = System/Library/Frameworks/QuartzCore.framework; sourceTree = SDKROOT; };
		1546906D1B1CFAF500E9062A /* target-empty.png */ = {isa = PBXFileReference; lastKnownFileType = image.png; path = "target-empty.png"; sourceTree = "<group>"; };
		1546906E1B1CFAF500E9062A /* target-shot.png */ = {isa = PBXFileReference; lastKnownFileType = image.png; path = "target-shot.png"; sourceTree = "<group>"; };
		154690711B1CFF2800E9062A /* TVBullet.h */ = {isa = PBXFileReference; fileEncoding = 4; lastKnownFileType = sourcecode.c.h; path = TVBullet.h; sourceTree = "<group>"; };
		154690721B1CFF2800E9062A /* TVBullet.m */ = {isa = PBXFileReference; fileEncoding = 4; lastKnownFileType = sourcecode.c.objc; path = TVBullet.m; sourceTree = "<group>"; };
		CBD582DE1B1D195100895878 /* opencv2.framework */ = {isa = PBXFileReference; lastKnownFileType = wrapper.framework; path = opencv2.framework; sourceTree = SOURCE_ROOT; };
/* End PBXFileReference section */

/* Begin PBXFrameworksBuildPhase section */
		154690061B17B80800E9062A /* Frameworks */ = {
			isa = PBXFrameworksBuildPhase;
			buildActionMask = 2147483647;
			files = (
				154690671B1CFAA600E9062A /* CoreVideo.framework in Frameworks */,
				154690641B1CFA8B00E9062A /* AVFoundation.framework in Frameworks */,
				154690631B1CFA8400E9062A /* AssetsLibrary.framework in Frameworks */,
				154690621B1CFA7C00E9062A /* Accelerate.framework in Frameworks */,
				1546903D1B17BBE200E9062A /* CoreGraphics.framework in Frameworks */,
				154690651B1CFA9200E9062A /* CoreImage.framework in Frameworks */,
				CBD582DF1B1D195100895878 /* opencv2.framework in Frameworks */,
				154690661B1CFA9D00E9062A /* CoreMedia.framework in Frameworks */,
				154690681B1CFAAE00E9062A /* QuartzCore.framework in Frameworks */,
				154690381B17B98900E9062A /* UIKit.framework in Frameworks */,
				154690361B17B98200E9062A /* Foundation.framework in Frameworks */,
			);
			runOnlyForDeploymentPostprocessing = 0;
		};
		1546901F1B17B80800E9062A /* Frameworks */ = {
			isa = PBXFrameworksBuildPhase;
			buildActionMask = 2147483647;
			files = (
			);
			runOnlyForDeploymentPostprocessing = 0;
		};
/* End PBXFrameworksBuildPhase section */

/* Begin PBXGroup section */
		154690001B17B80800E9062A = {
			isa = PBXGroup;
			children = (
				1546900B1B17B80800E9062A /* ComputerVision */,
				154690251B17B80800E9062A /* ComputerVisionTests */,
				1546900A1B17B80800E9062A /* Products */,
			);
			sourceTree = "<group>";
		};
		1546900A1B17B80800E9062A /* Products */ = {
			isa = PBXGroup;
			children = (
				154690091B17B80800E9062A /* ComputerVision.app */,
				154690221B17B80800E9062A /* ComputerVisionTests.xctest */,
			);
			name = Products;
			sourceTree = "<group>";
		};
		1546900B1B17B80800E9062A /* ComputerVision */ = {
			isa = PBXGroup;
			children = (
				154690101B17B80800E9062A /* AppDelegate.h */,
				154690111B17B80800E9062A /* AppDelegate.m */,
				154690131B17B80800E9062A /* ViewController.h */,
				154690141B17B80800E9062A /* ViewController.mm */,
				154690161B17B80800E9062A /* Main.storyboard */,
				154690711B1CFF2800E9062A /* TVBullet.h */,
				154690721B1CFF2800E9062A /* TVBullet.m */,
				154690191B17B80800E9062A /* Images.xcassets */,
				1546900C1B17B80800E9062A /* Supporting Files */,
			);
			path = ComputerVision;
			sourceTree = "<group>";
		};
		1546900C1B17B80800E9062A /* Supporting Files */ = {
			isa = PBXGroup;
			children = (
				154690341B17B8B000E9062A /* Frameworks */,
				1546900D1B17B80800E9062A /* Info.plist */,
				1546900E1B17B80800E9062A /* main.m */,
				1546906D1B1CFAF500E9062A /* target-empty.png */,
				1546906E1B1CFAF500E9062A /* target-shot.png */,
			);
			name = "Supporting Files";
			sourceTree = "<group>";
		};
		154690251B17B80800E9062A /* ComputerVisionTests */ = {
			isa = PBXGroup;
			children = (
				154690281B17B80800E9062A /* ComputerVisionTests.m */,
				154690261B17B80800E9062A /* Supporting Files */,
			);
			path = ComputerVisionTests;
			sourceTree = "<group>";
		};
		154690261B17B80800E9062A /* Supporting Files */ = {
			isa = PBXGroup;
			children = (
				154690271B17B80800E9062A /* Info.plist */,
			);
			name = "Supporting Files";
			sourceTree = "<group>";
		};
		154690341B17B8B000E9062A /* Frameworks */ = {
			isa = PBXGroup;
			children = (
				154690561B17C96E00E9062A /* QuartzCore.framework */,
				154690541B17C96800E9062A /* CoreVideo.framework */,
				154690521B17C96400E9062A /* CoreMedia.framework */,
				154690501B17C95E00E9062A /* CoreImage.framework */,
				1546904E1B17C94C00E9062A /* AssetsLibrary.framework */,
				1546904C1B17C93E00E9062A /* AVFoundation.framework */,
				1546904A1B17C93400E9062A /* Accelerate.framework */,
				CBD582DE1B1D195100895878 /* opencv2.framework */,
				1546903C1B17BBE200E9062A /* CoreGraphics.framework */,
				154690371B17B98900E9062A /* UIKit.framework */,
				154690351B17B98200E9062A /* Foundation.framework */,
			);
			name = Frameworks;
			sourceTree = "<group>";
		};
/* End PBXGroup section */

/* Begin PBXNativeTarget section */
		154690081B17B80800E9062A /* ComputerVision */ = {
			isa = PBXNativeTarget;
			buildConfigurationList = 1546902C1B17B80800E9062A /* Build configuration list for PBXNativeTarget "ComputerVision" */;
			buildPhases = (
				154690051B17B80800E9062A /* Sources */,
				154690061B17B80800E9062A /* Frameworks */,
				154690071B17B80800E9062A /* Resources */,
			);
			buildRules = (
			);
			dependencies = (
			);
			name = ComputerVision;
			productName = ComputerVision;
			productReference = 154690091B17B80800E9062A /* ComputerVision.app */;
			productType = "com.apple.product-type.application";
		};
		154690211B17B80800E9062A /* ComputerVisionTests */ = {
			isa = PBXNativeTarget;
			buildConfigurationList = 1546902F1B17B80800E9062A /* Build configuration list for PBXNativeTarget "ComputerVisionTests" */;
			buildPhases = (
				1546901E1B17B80800E9062A /* Sources */,
				1546901F1B17B80800E9062A /* Frameworks */,
				154690201B17B80800E9062A /* Resources */,
			);
			buildRules = (
			);
			dependencies = (
				154690241B17B80800E9062A /* PBXTargetDependency */,
			);
			name = ComputerVisionTests;
			productName = ComputerVisionTests;
			productReference = 154690221B17B80800E9062A /* ComputerVisionTests.xctest */;
			productType = "com.apple.product-type.bundle.unit-test";
		};
/* End PBXNativeTarget section */

/* Begin PBXProject section */
		154690011B17B80800E9062A /* Project object */ = {
			isa = PBXProject;
			attributes = {
				LastUpgradeCheck = 0630;
				ORGANIZATIONNAME = Sheehan;
				TargetAttributes = {
					154690081B17B80800E9062A = {
						CreatedOnToolsVersion = 6.3.1;
					};
					154690211B17B80800E9062A = {
						CreatedOnToolsVersion = 6.3.1;
						TestTargetID = 154690081B17B80800E9062A;
					};
				};
			};
			buildConfigurationList = 154690041B17B80800E9062A /* Build configuration list for PBXProject "ComputerVision" */;
			compatibilityVersion = "Xcode 3.2";
			developmentRegion = English;
			hasScannedForEncodings = 0;
			knownRegions = (
				en,
				Base,
			);
			mainGroup = 154690001B17B80800E9062A;
			productRefGroup = 1546900A1B17B80800E9062A /* Products */;
			projectDirPath = "";
			projectRoot = "";
			targets = (
				154690081B17B80800E9062A /* ComputerVision */,
				154690211B17B80800E9062A /* ComputerVisionTests */,
			);
		};
/* End PBXProject section */

/* Begin PBXResourcesBuildPhase section */
		154690071B17B80800E9062A /* Resources */ = {
			isa = PBXResourcesBuildPhase;
			buildActionMask = 2147483647;
			files = (
				154690701B1CFAF500E9062A /* target-shot.png in Resources */,
				154690181B17B80800E9062A /* Main.storyboard in Resources */,
				1546901A1B17B80800E9062A /* Images.xcassets in Resources */,
				1546906F1B1CFAF500E9062A /* target-empty.png in Resources */,
			);
			runOnlyForDeploymentPostprocessing = 0;
		};
		154690201B17B80800E9062A /* Resources */ = {
			isa = PBXResourcesBuildPhase;
			buildActionMask = 2147483647;
			files = (
			);
			runOnlyForDeploymentPostprocessing = 0;
		};
/* End PBXResourcesBuildPhase section */

/* Begin PBXSourcesBuildPhase section */
		154690051B17B80800E9062A /* Sources */ = {
			isa = PBXSourcesBuildPhase;
			buildActionMask = 2147483647;
			files = (
				154690151B17B80800E9062A /* ViewController.mm in Sources */,
				154690121B17B80800E9062A /* AppDelegate.m in Sources */,
				1546900F1B17B80800E9062A /* main.m in Sources */,
				154690731B1CFF2800E9062A /* TVBullet.m in Sources */,
			);
			runOnlyForDeploymentPostprocessing = 0;
		};
		1546901E1B17B80800E9062A /* Sources */ = {
			isa = PBXSourcesBuildPhase;
			buildActionMask = 2147483647;
			files = (
				154690291B17B80800E9062A /* ComputerVisionTests.m in Sources */,
			);
			runOnlyForDeploymentPostprocessing = 0;
		};
/* End PBXSourcesBuildPhase section */

/* Begin PBXTargetDependency section */
		154690241B17B80800E9062A /* PBXTargetDependency */ = {
			isa = PBXTargetDependency;
			target = 154690081B17B80800E9062A /* ComputerVision */;
			targetProxy = 154690231B17B80800E9062A /* PBXContainerItemProxy */;
		};
/* End PBXTargetDependency section */

/* Begin PBXVariantGroup section */
		154690161B17B80800E9062A /* Main.storyboard */ = {
			isa = PBXVariantGroup;
			children = (
				154690171B17B80800E9062A /* Base */,
			);
			name = Main.storyboard;
			sourceTree = "<group>";
		};
/* End PBXVariantGroup section */

/* Begin XCBuildConfiguration section */
		1546902A1B17B80800E9062A /* Debug */ = {
			isa = XCBuildConfiguration;
			buildSettings = {
				ALWAYS_SEARCH_USER_PATHS = NO;
				CLANG_CXX_LANGUAGE_STANDARD = "gnu++0x";
				CLANG_CXX_LIBRARY = "libc++";
				CLANG_ENABLE_MODULES = YES;
				CLANG_ENABLE_OBJC_ARC = YES;
				CLANG_WARN_BOOL_CONVERSION = YES;
				CLANG_WARN_CONSTANT_CONVERSION = YES;
				CLANG_WARN_DIRECT_OBJC_ISA_USAGE = YES_ERROR;
				CLANG_WARN_EMPTY_BODY = YES;
				CLANG_WARN_ENUM_CONVERSION = YES;
				CLANG_WARN_INT_CONVERSION = YES;
				CLANG_WARN_OBJC_ROOT_CLASS = YES_ERROR;
				CLANG_WARN_UNREACHABLE_CODE = YES;
				CLANG_WARN__DUPLICATE_METHOD_MATCH = YES;
				"CODE_SIGN_IDENTITY[sdk=iphoneos*]" = "iPhone Developer";
				COPY_PHASE_STRIP = NO;
				DEBUG_INFORMATION_FORMAT = "dwarf-with-dsym";
				ENABLE_STRICT_OBJC_MSGSEND = YES;
				GCC_C_LANGUAGE_STANDARD = gnu99;
				GCC_DYNAMIC_NO_PIC = NO;
				GCC_NO_COMMON_BLOCKS = YES;
				GCC_OPTIMIZATION_LEVEL = 0;
				GCC_PREPROCESSOR_DEFINITIONS = (
					"DEBUG=1",
					"$(inherited)",
				);
				GCC_SYMBOLS_PRIVATE_EXTERN = NO;
				GCC_WARN_64_TO_32_BIT_CONVERSION = YES;
				GCC_WARN_ABOUT_RETURN_TYPE = YES_ERROR;
				GCC_WARN_UNDECLARED_SELECTOR = YES;
				GCC_WARN_UNINITIALIZED_AUTOS = YES_AGGRESSIVE;
				GCC_WARN_UNUSED_FUNCTION = YES;
				GCC_WARN_UNUSED_VARIABLE = YES;
				IPHONEOS_DEPLOYMENT_TARGET = 8.3;
				MTL_ENABLE_DEBUG_INFO = YES;
				ONLY_ACTIVE_ARCH = YES;
				SDKROOT = iphoneos;
				TARGETED_DEVICE_FAMILY = "1,2";
			};
			name = Debug;
		};
		1546902B1B17B80800E9062A /* Release */ = {
			isa = XCBuildConfiguration;
			buildSettings = {
				ALWAYS_SEARCH_USER_PATHS = NO;
				CLANG_CXX_LANGUAGE_STANDARD = "gnu++0x";
				CLANG_CXX_LIBRARY = "libc++";
				CLANG_ENABLE_MODULES = YES;
				CLANG_ENABLE_OBJC_ARC = YES;
				CLANG_WARN_BOOL_CONVERSION = YES;
				CLANG_WARN_CONSTANT_CONVERSION = YES;
				CLANG_WARN_DIRECT_OBJC_ISA_USAGE = YES_ERROR;
				CLANG_WARN_EMPTY_BODY = YES;
				CLANG_WARN_ENUM_CONVERSION = YES;
				CLANG_WARN_INT_CONVERSION = YES;
				CLANG_WARN_OBJC_ROOT_CLASS = YES_ERROR;
				CLANG_WARN_UNREACHABLE_CODE = YES;
				CLANG_WARN__DUPLICATE_METHOD_MATCH = YES;
				"CODE_SIGN_IDENTITY[sdk=iphoneos*]" = "iPhone Developer";
				COPY_PHASE_STRIP = NO;
				DEBUG_INFORMATION_FORMAT = "dwarf-with-dsym";
				ENABLE_NS_ASSERTIONS = NO;
				ENABLE_STRICT_OBJC_MSGSEND = YES;
				GCC_C_LANGUAGE_STANDARD = gnu99;
				GCC_NO_COMMON_BLOCKS = YES;
				GCC_WARN_64_TO_32_BIT_CONVERSION = YES;
				GCC_WARN_ABOUT_RETURN_TYPE = YES_ERROR;
				GCC_WARN_UNDECLARED_SELECTOR = YES;
				GCC_WARN_UNINITIALIZED_AUTOS = YES_AGGRESSIVE;
				GCC_WARN_UNUSED_FUNCTION = YES;
				GCC_WARN_UNUSED_VARIABLE = YES;
				IPHONEOS_DEPLOYMENT_TARGET = 8.3;
				MTL_ENABLE_DEBUG_INFO = NO;
				SDKROOT = iphoneos;
				TARGETED_DEVICE_FAMILY = "1,2";
				VALIDATE_PRODUCT = YES;
			};
			name = Release;
		};
		1546902D1B17B80800E9062A /* Debug */ = {
			isa = XCBuildConfiguration;
			buildSettings = {
				ASSETCATALOG_COMPILER_APPICON_NAME = AppIcon;
				FRAMEWORK_SEARCH_PATHS = (
					"$(inherited)",
					"$(PROJECT_DIR)",
					"$(DEVELOPER_DIR)/Platforms/iPhoneOS.platform/Developer/SDKs/iPhoneOS.sdk/System/Library/Frameworks",
					/Users/NightPhury/Downloads,
					/Users/patrick1/Downloads,
				);
				INFOPLIST_FILE = ComputerVision/Info.plist;
				LD_RUNPATH_SEARCH_PATHS = "$(inherited) @executable_path/Frameworks";
				PRODUCT_NAME = "$(TARGET_NAME)";
			};
			name = Debug;
		};
		1546902E1B17B80800E9062A /* Release */ = {
			isa = XCBuildConfiguration;
			buildSettings = {
				ASSETCATALOG_COMPILER_APPICON_NAME = AppIcon;
				FRAMEWORK_SEARCH_PATHS = (
					"$(inherited)",
					"$(PROJECT_DIR)",
					"$(DEVELOPER_DIR)/Platforms/iPhoneOS.platform/Developer/SDKs/iPhoneOS.sdk/System/Library/Frameworks",
					/Users/NightPhury/Downloads,
					/Users/patrick1/Downloads,
				);
				INFOPLIST_FILE = ComputerVision/Info.plist;
				LD_RUNPATH_SEARCH_PATHS = "$(inherited) @executable_path/Frameworks";
				PRODUCT_NAME = "$(TARGET_NAME)";
			};
			name = Release;
		};
		154690301B17B80800E9062A /* Debug */ = {
			isa = XCBuildConfiguration;
			buildSettings = {
				BUNDLE_LOADER = "$(TEST_HOST)";
				FRAMEWORK_SEARCH_PATHS = (
					"$(SDKROOT)/Developer/Library/Frameworks",
					"$(inherited)",
				);
				GCC_PREPROCESSOR_DEFINITIONS = (
					"DEBUG=1",
					"$(inherited)",
				);
				INFOPLIST_FILE = ComputerVisionTests/Info.plist;
				LD_RUNPATH_SEARCH_PATHS = "$(inherited) @executable_path/Frameworks @loader_path/Frameworks";
				PRODUCT_NAME = "$(TARGET_NAME)";
				TEST_HOST = "$(BUILT_PRODUCTS_DIR)/ComputerVision.app/ComputerVision";
			};
			name = Debug;
		};
		154690311B17B80800E9062A /* Release */ = {
			isa = XCBuildConfiguration;
			buildSettings = {
				BUNDLE_LOADER = "$(TEST_HOST)";
				FRAMEWORK_SEARCH_PATHS = (
					"$(SDKROOT)/Developer/Library/Frameworks",
					"$(inherited)",
				);
				INFOPLIST_FILE = ComputerVisionTests/Info.plist;
				LD_RUNPATH_SEARCH_PATHS = "$(inherited) @executable_path/Frameworks @loader_path/Frameworks";
				PRODUCT_NAME = "$(TARGET_NAME)";
				TEST_HOST = "$(BUILT_PRODUCTS_DIR)/ComputerVision.app/ComputerVision";
			};
			name = Release;
		};
/* End XCBuildConfiguration section */

/* Begin XCConfigurationList section */
		154690041B17B80800E9062A /* Build configuration list for PBXProject "ComputerVision" */ = {
			isa = XCConfigurationList;
			buildConfigurations = (
				1546902A1B17B80800E9062A /* Debug */,
				1546902B1B17B80800E9062A /* Release */,
			);
			defaultConfigurationIsVisible = 0;
			defaultConfigurationName = Release;
		};
		1546902C1B17B80800E9062A /* Build configuration list for PBXNativeTarget "ComputerVision" */ = {
			isa = XCConfigurationList;
			buildConfigurations = (
				1546902D1B17B80800E9062A /* Debug */,
				1546902E1B17B80800E9062A /* Release */,
			);
			defaultConfigurationIsVisible = 0;
			defaultConfigurationName = Release;
		};
		1546902F1B17B80800E9062A /* Build configuration list for PBXNativeTarget "ComputerVisionTests" */ = {
			isa = XCConfigurationList;
			buildConfigurations = (
				154690301B17B80800E9062A /* Debug */,
				154690311B17B80800E9062A /* Release */,
			);
			defaultConfigurationIsVisible = 0;
			defaultConfigurationName = Release;
		};
/* End XCConfigurationList section */
	};
	rootObject = 154690011B17B80800E9062A /* Project object */;
}
